# THIS IS AN AUTOGENERATED FILE. DO NOT EDIT THIS FILE DIRECTLY.
# yarn lockfile v1


"@types/prop-types@*":
  version "15.7.3"
  resolved "https://registry.yarnpkg.com/@types/prop-types/-/prop-types-15.7.3.tgz#2ab0d5da2e5815f94b0b9d4b95d1e5f243ab2ca7"
  integrity sha512-KfRL3PuHmqQLOG+2tGpRO26Ctg+Cq1E01D2DMriKEATHgWLfeNDmq9e29Q9WIky0dQ3NPkd1mzYH8Lm936Z9qw==

"@types/react@^16.9.19":
  version "16.14.2"
  resolved "https://registry.yarnpkg.com/@types/react/-/react-16.14.2.tgz#85dcc0947d0645349923c04ccef6018a1ab7538c"
  integrity sha512-BzzcAlyDxXl2nANlabtT4thtvbbnhee8hMmH/CcJrISDBVcJS1iOsP1f0OAgSdGE0MsY9tqcrb9YoZcOFv9dbQ==
  dependencies:
    "@types/prop-types" "*"
    csstype "^3.0.2"

csstype@^3.0.2:
  version "3.0.5"
  resolved "https://registry.yarnpkg.com/csstype/-/csstype-3.0.5.tgz#7fdec6a28a67ae18647c51668a9ff95bb2fa7bb8"
  integrity sha512-uVDi8LpBUKQj6sdxNaTetL6FpeCqTjOvAQuQUa/qAqq8oOd4ivkbhgnqayl0dnPal8Tb/yB1tF+gOvCBiicaiQ==

typeit-react@^0.1.3:
  version "0.1.3"
  resolved "https://registry.yarnpkg.com/typeit-react/-/typeit-react-0.1.3.tgz#336849dd019c5c75ce29d69f9597f30c03fd601d"
  integrity sha512-9HiAghnq8NjLj67dakc9C4eCHyunsCgl7ZSo04w/7YWAjs12bHb/+J3geFfTgBVpbWCL6GPDZ7eWBXNZ3ZweGw==
  dependencies:
    "@types/react" "^16.9.19"
    typeit "^7.0.3"

typeit@^7.0.3:
  version "7.0.4"
  resolved "https://registry.yarnpkg.com/typeit/-/typeit-7.0.4.tgz#7b42886943f6e0545c4d8eab4ef552a71388751c"
  integrity sha512-ETiVr3s4XOXUE9W+tVhF3gxGTf5z4tc35YjvWEQhqKsJhXWvpQlt/D/ZvIHkZzHegU3stxagjeG2pfm1/AWsYQ==
